// !$*UTF8*$!
{
	archiveVersion = 1;
	classes = {
	};
	objectVersion = 55;
	objects = {

/* Begin PBXBuildFile section */
		ED2A2A7D284BC0BE00EABDF7 /* CharacterDetailViewController.swift in Sources */ = {isa = PBXBuildFile; fileRef = ED2A2A7C284BC0BE00EABDF7 /* CharacterDetailViewController.swift */; };
		ED30A98A28498571006696E2 /* AppDelegate.swift in Sources */ = {isa = PBXBuildFile; fileRef = ED30A98928498571006696E2 /* AppDelegate.swift */; };
		ED30A98C28498571006696E2 /* SceneDelegate.swift in Sources */ = {isa = PBXBuildFile; fileRef = ED30A98B28498571006696E2 /* SceneDelegate.swift */; };
		ED30A99128498571006696E2 /* Main.storyboard in Resources */ = {isa = PBXBuildFile; fileRef = ED30A98F28498571006696E2 /* Main.storyboard */; };
		ED30A99328498573006696E2 /* Assets.xcassets in Resources */ = {isa = PBXBuildFile; fileRef = ED30A99228498573006696E2 /* Assets.xcassets */; };
		ED30A99628498573006696E2 /* LaunchScreen.storyboard in Resources */ = {isa = PBXBuildFile; fileRef = ED30A99428498573006696E2 /* LaunchScreen.storyboard */; };
		ED30A9A2284986F6006696E2 /* CharacterController.swift in Sources */ = {isa = PBXBuildFile; fileRef = ED30A9A1284986F6006696E2 /* CharacterController.swift */; };
		ED30A9A428498716006696E2 /* CharacterListTableViewController.swift in Sources */ = {isa = PBXBuildFile; fileRef = ED30A9A328498716006696E2 /* CharacterListTableViewController.swift */; };
		ED30A9A628498723006696E2 /* Character.swift in Sources */ = {isa = PBXBuildFile; fileRef = ED30A9A528498723006696E2 /* Character.swift */; };
/* End PBXBuildFile section */

/* Begin PBXFileReference section */
		ED2A2A7C284BC0BE00EABDF7 /* CharacterDetailViewController.swift */ = {isa = PBXFileReference; lastKnownFileType = sourcecode.swift; path = CharacterDetailViewController.swift; sourceTree = "<group>"; };
		ED30A98628498571006696E2 /* Harry Potter Characters.app */ = {isa = PBXFileReference; explicitFileType = wrapper.application; includeInIndex = 0; path = "Harry Potter Characters.app"; sourceTree = BUILT_PRODUCTS_DIR; };
		ED30A98928498571006696E2 /* AppDelegate.swift */ = {isa = PBXFileReference; lastKnownFileType = sourcecode.swift; path = AppDelegate.swift; sourceTree = "<group>"; };
		ED30A98B28498571006696E2 /* SceneDelegate.swift */ = {isa = PBXFileReference; lastKnownFileType = sourcecode.swift; path = SceneDelegate.swift; sourceTree = "<group>"; };
		ED30A99028498571006696E2 /* Base */ = {isa = PBXFileReference; lastKnownFileType = file.storyboard; name = Base; path = Base.lproj/Main.storyboard; sourceTree = "<group>"; };
		ED30A99228498573006696E2 /* Assets.xcassets */ = {isa = PBXFileReference; lastKnownFileType = folder.assetcatalog; path = Assets.xcassets; sourceTree = "<group>"; };
		ED30A99528498573006696E2 /* Base */ = {isa = PBXFileReference; lastKnownFileType = file.storyboard; name = Base; path = Base.lproj/LaunchScreen.storyboard; sourceTree = "<group>"; };
		ED30A99728498573006696E2 /* Info.plist */ = {isa = PBXFileReference; lastKnownFileType = text.plist.xml; path = Info.plist; sourceTree = "<group>"; };
		ED30A9A1284986F6006696E2 /* CharacterController.swift */ = {isa = PBXFileReference; lastKnownFileType = sourcecode.swift; path = CharacterController.swift; sourceTree = "<group>"; };
		ED30A9A328498716006696E2 /* CharacterListTableViewController.swift */ = {isa = PBXFileReference; lastKnownFileType = sourcecode.swift; path = CharacterListTableViewController.swift; sourceTree = "<group>"; };
		ED30A9A528498723006696E2 /* Character.swift */ = {isa = PBXFileReference; lastKnownFileType = sourcecode.swift; path = Character.swift; sourceTree = "<group>"; };
/* End PBXFileReference section */

/* Begin PBXFrameworksBuildPhase section */
		ED30A98328498571006696E2 /* Frameworks */ = {
			isa = PBXFrameworksBuildPhase;
			buildActionMask = 2147483647;
			files = (
			);
			runOnlyForDeploymentPostprocessing = 0;
		};
/* End PBXFrameworksBuildPhase section */

/* Begin PBXGroup section */
		ED30A97D28498571006696E2 = {
			isa = PBXGroup;
			children = (
				ED30A98828498571006696E2 /* Harry Potter Characters */,
				ED30A98728498571006696E2 /* Products */,
			);
			sourceTree = "<group>";
		};
		ED30A98728498571006696E2 /* Products */ = {
			isa = PBXGroup;
			children = (
				ED30A98628498571006696E2 /* Harry Potter Characters.app */,
			);
			name = Products;
			sourceTree = "<group>";
		};
		ED30A98828498571006696E2 /* Harry Potter Characters */ = {
			isa = PBXGroup;
			children = (
				ED30A9A0284986E2006696E2 /* Model Controller */,
				ED30A99F284986C0006696E2 /* View Conttoller */,
				ED30A99E284986B5006696E2 /* Model */,
				ED30A99D28498586006696E2 /* Resources */,
				ED30A98F28498571006696E2 /* Main.storyboard */,
				ED30A99428498573006696E2 /* LaunchScreen.storyboard */,
			);
			path = "Harry Potter Characters";
			sourceTree = "<group>";
		};
		ED30A99D28498586006696E2 /* Resources */ = {
			isa = PBXGroup;
			children = (
				ED30A98928498571006696E2 /* AppDelegate.swift */,
				ED30A98B28498571006696E2 /* SceneDelegate.swift */,
				ED30A99228498573006696E2 /* Assets.xcassets */,
				ED30A99728498573006696E2 /* Info.plist */,
			);
			path = Resources;
			sourceTree = "<group>";
		};
		ED30A99E284986B5006696E2 /* Model */ = {
			isa = PBXGroup;
			children = (
				ED30A9A528498723006696E2 /* Character.swift */,
			);
			path = Model;
			sourceTree = "<group>";
		};
		ED30A99F284986C0006696E2 /* View Conttoller */ = {
			isa = PBXGroup;
			children = (
				ED30A9A328498716006696E2 /* CharacterListTableViewController.swift */,
				ED2A2A7C284BC0BE00EABDF7 /* CharacterDetailViewController.swift */,
			);
			path = "View Conttoller";
			sourceTree = "<group>";
		};
		ED30A9A0284986E2006696E2 /* Model Controller */ = {
			isa = PBXGroup;
			children = (
				ED30A9A1284986F6006696E2 /* CharacterController.swift */,
			);
			path = "Model Controller";
			sourceTree = "<group>";
		};
/* End PBXGroup section */

/* Begin PBXNativeTarget section */
		ED30A98528498571006696E2 /* Harry Potter Characters */ = {
			isa = PBXNativeTarget;
			buildConfigurationList = ED30A99A28498573006696E2 /* Build configuration list for PBXNativeTarget "Harry Potter Characters" */;
			buildPhases = (
				ED30A98228498571006696E2 /* Sources */,
				ED30A98328498571006696E2 /* Frameworks */,
				ED30A98428498571006696E2 /* Resources */,
			);
			buildRules = (
			);
			dependencies = (
			);
			name = "Harry Potter Characters";
			productName = "Harry Potter Characters";
			productReference = ED30A98628498571006696E2 /* Harry Potter Characters.app */;
			productType = "com.apple.product-type.application";
		};
/* End PBXNativeTarget section */

/* Begin PBXProject section */
		ED30A97E28498571006696E2 /* Project object */ = {
			isa = PBXProject;
			attributes = {
				BuildIndependentTargetsInParallel = 1;
				LastSwiftUpdateCheck = 1340;
				LastUpgradeCheck = 1340;
				TargetAttributes = {
					ED30A98528498571006696E2 = {
						CreatedOnToolsVersion = 13.4;
					};
				};
			};
			buildConfigurationList = ED30A98128498571006696E2 /* Build configuration list for PBXProject "Harry Potter Characters" */;
			compatibilityVersion = "Xcode 13.0";
			developmentRegion = en;
			hasScannedForEncodings = 0;
			knownRegions = (
				en,
				Base,
			);
			mainGroup = ED30A97D28498571006696E2;
			productRefGroup = ED30A98728498571006696E2 /* Products */;
			projectDirPath = "";
			projectRoot = "";
			targets = (
				ED30A98528498571006696E2 /* Harry Potter Characters */,
			);
		};
/* End PBXProject section */

/* Begin PBXResourcesBuildPhase section */
		ED30A98428498571006696E2 /* Resources */ = {
			isa = PBXResourcesBuildPhase;
			buildActionMask = 2147483647;
			files = (
				ED30A99628498573006696E2 /* LaunchScreen.storyboard in Resources */,
				ED30A99328498573006696E2 /* Assets.xcassets in Resources */,
				ED30A99128498571006696E2 /* Main.storyboard in Resources */,
			);
			runOnlyForDeploymentPostprocessing = 0;
		};
/* End PBXResourcesBuildPhase section */

/* Begin PBXSourcesBuildPhase section */
		ED30A98228498571006696E2 /* Sources */ = {
			isa = PBXSourcesBuildPhase;
			buildActionMask = 2147483647;
			files = (
				ED30A98A28498571006696E2 /* AppDelegate.swift in Sources */,
				ED2A2A7D284BC0BE00EABDF7 /* CharacterDetailViewController.swift in Sources */,
				ED30A9A428498716006696E2 /* CharacterListTableViewController.swift in Sources */,
				ED30A9A628498723006696E2 /* Character.swift in Sources */,
				ED30A9A2284986F6006696E2 /* CharacterController.swift in Sources */,
				ED30A98C28498571006696E2 /* SceneDelegate.swift in Sources */,
			);
			runOnlyForDeploymentPostprocessing = 0;
		};
/* End PBXSourcesBuildPhase section */

/* Begin PBXVariantGroup section */
		ED30A98F28498571006696E2 /* Main.storyboard */ = {
			isa = PBXVariantGroup;
			children = (
				ED30A99028498571006696E2 /* Base */,
			);
			name = Main.storyboard;
			sourceTree = "<group>";
		};
		ED30A99428498573006696E2 /* LaunchScreen.storyboard */ = {
			isa = PBXVariantGroup;
			children = (
				ED30A99528498573006696E2 /* Base */,
			);
			name = LaunchScreen.storyboard;
			sourceTree = "<group>";
		};
/* End PBXVariantGroup section */

/* Begin XCBuildConfiguration section */
		ED30A99828498573006696E2 /* Debug */ = {
			isa = XCBuildConfiguration;
			buildSettings = {
				ALWAYS_SEARCH_USER_PATHS = NO;
				CLANG_ANALYZER_NONNULL = YES;
				CLANG_ANALYZER_NUMBER_OBJECT_CONVERSION = YES_AGGRESSIVE;
				CLANG_CXX_LANGUAGE_STANDARD = "gnu++17";
				CLANG_ENABLE_MODULES = YES;
				CLANG_ENABLE_OBJC_ARC = YES;
				CLANG_ENABLE_OBJC_WEAK = YES;
				CLANG_WARN_BLOCK_CAPTURE_AUTORELEASING = YES;
				CLANG_WARN_BOOL_CONVERSION = YES;
				CLANG_WARN_COMMA = YES;
				CLANG_WARN_CONSTANT_CONVERSION = YES;
				CLANG_WARN_DEPRECATED_OBJC_IMPLEMENTATIONS = YES;
				CLANG_WARN_DIRECT_OBJC_ISA_USAGE = YES_ERROR;
				CLANG_WARN_DOCUMENTATION_COMMENTS = YES;
				CLANG_WARN_EMPTY_BODY = YES;
				CLANG_WARN_ENUM_CONVERSION = YES;
				CLANG_WARN_INFINITE_RECURSION = YES;
				CLANG_WARN_INT_CONVERSION = YES;
				CLANG_WARN_NON_LITERAL_NULL_CONVERSION = YES;
				CLANG_WARN_OBJC_IMPLICIT_RETAIN_SELF = YES;
				CLANG_WARN_OBJC_LITERAL_CONVERSION = YES;
				CLANG_WARN_OBJC_ROOT_CLASS = YES_ERROR;
				CLANG_WARN_QUOTED_INCLUDE_IN_FRAMEWORK_HEADER = YES;
				CLANG_WARN_RANGE_LOOP_ANALYSIS = YES;
				CLANG_WARN_STRICT_PROTOTYPES = YES;
				CLANG_WARN_SUSPICIOUS_MOVE = YES;
				CLANG_WARN_UNGUARDED_AVAILABILITY = YES_AGGRESSIVE;
				CLANG_WARN_UNREACHABLE_CODE = YES;
				CLANG_WARN__DUPLICATE_METHOD_MATCH = YES;
				COPY_PHASE_STRIP = NO;
				DEBUG_INFORMATION_FORMAT = dwarf;
				ENABLE_STRICT_OBJC_MSGSEND = YES;
				ENABLE_TESTABILITY = YES;
				GCC_C_LANGUAGE_STANDARD = gnu11;
				GCC_DYNAMIC_NO_PIC = NO;
				GCC_NO_COMMON_BLOCKS = YES;
				GCC_OPTIMIZATION_LEVEL = 0;
				GCC_PREPROCESSOR_DEFINITIONS = (
					"DEBUG=1",
					"$(inherited)",
				);
				GCC_WARN_64_TO_32_BIT_CONVERSION = YES;
				GCC_WARN_ABOUT_RETURN_TYPE = YES_ERROR;
				GCC_WARN_UNDECLARED_SELECTOR = YES;
				GCC_WARN_UNINITIALIZED_AUTOS = YES_AGGRESSIVE;
				GCC_WARN_UNUSED_FUNCTION = YES;
				GCC_WARN_UNUSED_VARIABLE = YES;
				IPHONEOS_DEPLOYMENT_TARGET = 15.5;
				MTL_ENABLE_DEBUG_INFO = INCLUDE_SOURCE;
				MTL_FAST_MATH = YES;
				ONLY_ACTIVE_ARCH = YES;
				SDKROOT = iphoneos;
				SWIFT_ACTIVE_COMPILATION_CONDITIONS = DEBUG;
				SWIFT_OPTIMIZATION_LEVEL = "-Onone";
			};
			name = Debug;
		};
		ED30A99928498573006696E2 /* Release */ = {
			isa = XCBuildConfiguration;
			buildSettings = {
				ALWAYS_SEARCH_USER_PATHS = NO;
				CLANG_ANALYZER_NONNULL = YES;
				CLANG_ANALYZER_NUMBER_OBJECT_CONVERSION = YES_AGGRESSIVE;
				CLANG_CXX_LANGUAGE_STANDARD = "gnu++17";
				CLANG_ENABLE_MODULES = YES;
				CLANG_ENABLE_OBJC_ARC = YES;
				CLANG_ENABLE_OBJC_WEAK = YES;
				CLANG_WARN_BLOCK_CAPTURE_AUTORELEASING = YES;
				CLANG_WARN_BOOL_CONVERSION = YES;
				CLANG_WARN_COMMA = YES;
				CLANG_WARN_CONSTANT_CONVERSION = YES;
				CLANG_WARN_DEPRECATED_OBJC_IMPLEMENTATIONS = YES;
				CLANG_WARN_DIRECT_OBJC_ISA_USAGE = YES_ERROR;
				CLANG_WARN_DOCUMENTATION_COMMENTS = YES;
				CLANG_WARN_EMPTY_BODY = YES;
				CLANG_WARN_ENUM_CONVERSION = YES;
				CLANG_WARN_INFINITE_RECURSION = YES;
				CLANG_WARN_INT_CONVERSION = YES;
				CLANG_WARN_NON_LITERAL_NULL_CONVERSION = YES;
				CLANG_WARN_OBJC_IMPLICIT_RETAIN_SELF = YES;
				CLANG_WARN_OBJC_LITERAL_CONVERSION = YES;
				CLANG_WARN_OBJC_ROOT_CLASS = YES_ERROR;
				CLANG_WARN_QUOTED_INCLUDE_IN_FRAMEWORK_HEADER = YES;
				CLANG_WARN_RANGE_LOOP_ANALYSIS = YES;
				CLANG_WARN_STRICT_PROTOTYPES = YES;
				CLANG_WARN_SUSPICIOUS_MOVE = YES;
				CLANG_WARN_UNGUARDED_AVAILABILITY = YES_AGGRESSIVE;
				CLANG_WARN_UNREACHABLE_CODE = YES;
				CLANG_WARN__DUPLICATE_METHOD_MATCH = YES;
				COPY_PHASE_STRIP = NO;
				DEBUG_INFORMATION_FORMAT = "dwarf-with-dsym";
				ENABLE_NS_ASSERTIONS = NO;
				ENABLE_STRICT_OBJC_MSGSEND = YES;
				GCC_C_LANGUAGE_STANDARD = gnu11;
				GCC_NO_COMMON_BLOCKS = YES;
				GCC_WARN_64_TO_32_BIT_CONVERSION = YES;
				GCC_WARN_ABOUT_RETURN_TYPE = YES_ERROR;
				GCC_WARN_UNDECLARED_SELECTOR = YES;
				GCC_WARN_UNINITIALIZED_AUTOS = YES_AGGRESSIVE;
				GCC_WARN_UNUSED_FUNCTION = YES;
				GCC_WARN_UNUSED_VARIABLE = YES;
				IPHONEOS_DEPLOYMENT_TARGET = 15.5;
				MTL_ENABLE_DEBUG_INFO = NO;
				MTL_FAST_MATH = YES;
				SDKROOT = iphoneos;
				SWIFT_COMPILATION_MODE = wholemodule;
				SWIFT_OPTIMIZATION_LEVEL = "-O";
				VALIDATE_PRODUCT = YES;
			};
			name = Release;
		};
		ED30A99B28498573006696E2 /* Debug */ = {
			isa = XCBuildConfiguration;
			buildSettings = {
				ASSETCATALOG_COMPILER_APPICON_NAME = AppIcon;
				ASSETCATALOG_COMPILER_GLOBAL_ACCENT_COLOR_NAME = AccentColor;
				CODE_SIGN_STYLE = Automatic;
				CURRENT_PROJECT_VERSION = 1;
				GENERATE_INFOPLIST_FILE = YES;
				INFOPLIST_FILE = "Harry Potter Characters/Resources/Info.plist";
				INFOPLIST_KEY_UIApplicationSupportsIndirectInputEvents = YES;
				INFOPLIST_KEY_UILaunchStoryboardName = LaunchScreen;
				INFOPLIST_KEY_UIMainStoryboardFile = Main;
				INFOPLIST_KEY_UISupportedInterfaceOrientations_iPad = "UIInterfaceOrientationPortrait UIInterfaceOrientationPortraitUpsideDown UIInterfaceOrientationLandscapeLeft UIInterfaceOrientationLandscapeRight";
				INFOPLIST_KEY_UISupportedInterfaceOrientations_iPhone = "UIInterfaceOrientationPortrait UIInterfaceOrientationLandscapeLeft UIInterfaceOrientationLandscapeRight";
				LD_RUNPATH_SEARCH_PATHS = (
					"$(inherited)",
					"@executable_path/Frameworks",
				);
				MARKETING_VERSION = 1.0;
				PRODUCT_BUNDLE_IDENTIFIER = "Tr0picalpenguin.Harry-Potter-Characters";
				PRODUCT_NAME = "$(TARGET_NAME)";
				SWIFT_EMIT_LOC_STRINGS = YES;
				SWIFT_VERSION = 5.0;
				TARGETED_DEVICE_FAMILY = "1,2";
			};
			name = Debug;
		};
		ED30A99C28498573006696E2 /* Release */ = {
			isa = XCBuildConfiguration;
			buildSettings = {
				ASSETCATALOG_COMPILER_APPICON_NAME = AppIcon;
				ASSETCATALOG_COMPILER_GLOBAL_ACCENT_COLOR_NAME = AccentColor;
				CODE_SIGN_STYLE = Automatic;
				CURRENT_PROJECT_VERSION = 1;
				GENERATE_INFOPLIST_FILE = YES;
				INFOPLIST_FILE = "Harry Potter Characters/Resources/Info.plist";
				INFOPLIST_KEY_UIApplicationSupportsIndirectInputEvents = YES;
				INFOPLIST_KEY_UILaunchStoryboardName = LaunchScreen;
				INFOPLIST_KEY_UIMainStoryboardFile = Main;
				INFOPLIST_KEY_UISupportedInterfaceOrientations_iPad = "UIInterfaceOrientationPortrait UIInterfaceOrientationPortraitUpsideDown UIInterfaceOrientationLandscapeLeft UIInterfaceOrientationLandscapeRight";
				INFOPLIST_KEY_UISupportedInterfaceOrientations_iPhone = "UIInterfaceOrientationPortrait UIInterfaceOrientationLandscapeLeft UIInterfaceOrientationLandscapeRight";
				LD_RUNPATH_SEARCH_PATHS = (
					"$(inherited)",
					"@executable_path/Frameworks",
				);
				MARKETING_VERSION = 1.0;
				PRODUCT_BUNDLE_IDENTIFIER = "Tr0picalpenguin.Harry-Potter-Characters";
				PRODUCT_NAME = "$(TARGET_NAME)";
				SWIFT_EMIT_LOC_STRINGS = YES;
				SWIFT_VERSION = 5.0;
				TARGETED_DEVICE_FAMILY = "1,2";
			};
			name = Release;
		};
/* End XCBuildConfiguration section */

/* Begin XCConfigurationList section */
		ED30A98128498571006696E2 /* Build configuration list for PBXProject "Harry Potter Characters" */ = {
			isa = XCConfigurationList;
			buildConfigurations = (
				ED30A99828498573006696E2 /* Debug */,
				ED30A99928498573006696E2 /* Release */,
			);
			defaultConfigurationIsVisible = 0;
			defaultConfigurationName = Release;
		};
		ED30A99A28498573006696E2 /* Build configuration list for PBXNativeTarget "Harry Potter Characters" */ = {
			isa = XCConfigurationList;
			buildConfigurations = (
				ED30A99B28498573006696E2 /* Debug */,
				ED30A99C28498573006696E2 /* Release */,
			);
			defaultConfigurationIsVisible = 0;
			defaultConfigurationName = Release;
		};
/* End XCConfigurationList section */
	};
	rootObject = ED30A97E28498571006696E2 /* Project object */;
}
